
Microsoft Visual Studio Solution File, Format Version 12.00
# Visual Studio Version 17
VisualStudioVersion = 17.4.33213.308
MinimumVisualStudioVersion = 10.0.40219.1
Project("{FAE04EC0-301F-11D3-BF4B-00C04F79EFBC}") = "WPF_MVVM", "WPF_MVVM\WPF_MVVM.csproj", "{69EC6AC1-F805-472C-8C36-77168C22328E}"
EndProject
Global
	GlobalSection(SolutionConfigurationPlatforms) = preSolution
		Debug|Any CPU = Debug|Any CPU
		Release|Any CPU = Release|Any CPU
	EndGlobalSection
	GlobalSection(ProjectConfigurationPlatforms) = postSolution
		{69EC6AC1-F805-472C-8C36-77168C22328E}.Debug|Any CPU.ActiveCfg = Debug|Any CPU
		{69EC6AC1-F805-472C-8C36-77168C22328E}.Debug|Any CPU.Build.0 = Debug|Any CPU
		{69EC6AC1-F805-472C-8C36-77168C22328E}.Release|Any CPU.ActiveCfg = Release|Any CPU
		{69EC6AC1-F805-472C-8C36-77168C22328E}.Release|Any CPU.Build.0 = Release|Any CPU
	EndGlobalSection
	GlobalSection(SolutionProperties) = preSolution
		HideSolutionNode = FALSE
	EndGlobalSection
	GlobalSection(ExtensibilityGlobals) = postSolution
		SolutionGuid = {2AC09B33-B4DA-4C8D-B6EC-3D03CA34605D}
	EndGlobalSection
EndGlobal
